
Microsoft Visual Studio Solution File, Format Version 12.00
# Visual Studio 2012
Project("{FAE04EC0-301F-11D3-BF4B-00C04F79EFBC}") = "BowlingGame", "BowlingGame\BowlingGame.csproj", "{D556537F-0263-415E-820A-C292171661D1}"
EndProject
Project("{FAE04EC0-301F-11D3-BF4B-00C04F79EFBC}") = "BowlingGame.Tests", "BowlingGame.Tests\BowlingGame.Tests.csproj", "{5AFF8BB2-AD4A-44DE-A3D2-3A1B5FF364DC}"
EndProject
Global
	GlobalSection(SolutionConfigurationPlatforms) = preSolution
		Debug|Any CPU = Debug|Any CPU
		Release|Any CPU = Release|Any CPU
	EndGlobalSection
	GlobalSection(ProjectConfigurationPlatforms) = postSolution
		{D556537F-0263-415E-820A-C292171661D1}.Debug|Any CPU.ActiveCfg = Debug|Any CPU
		{D556537F-0263-415E-820A-C292171661D1}.Debug|Any CPU.Build.0 = Debug|Any CPU
		{D556537F-0263-415E-820A-C292171661D1}.Release|Any CPU.ActiveCfg = Release|Any CPU
		{D556537F-0263-415E-820A-C292171661D1}.Release|Any CPU.Build.0 = Release|Any CPU
		{5AFF8BB2-AD4A-44DE-A3D2-3A1B5FF364DC}.Debug|Any CPU.ActiveCfg = Debug|Any CPU
		{5AFF8BB2-AD4A-44DE-A3D2-3A1B5FF364DC}.Debug|Any CPU.Build.0 = Debug|Any CPU
		{5AFF8BB2-AD4A-44DE-A3D2-3A1B5FF364DC}.Release|Any CPU.ActiveCfg = Release|Any CPU
		{5AFF8BB2-AD4A-44DE-A3D2-3A1B5FF364DC}.Release|Any CPU.Build.0 = Release|Any CPU
	EndGlobalSection
	GlobalSection(SolutionProperties) = preSolution
		HideSolutionNode = FALSE
	EndGlobalSection
EndGlobal
